
Microsoft Visual Studio Solution File, Format Version 12.00
# Visual Studio Version 17
VisualStudioVersion = 17.4.33213.308
MinimumVisualStudioVersion = 10.0.40219.1
Project("{9A19103F-16F7-4668-BE54-9A1E7A4F7556}") = "Dungeon", "Dungeon\Dungeon.csproj", "{E98C3E6F-4DE7-4001-9E7B-5F9614D62505}"
EndProject
Project("{FAE04EC0-301F-11D3-BF4B-00C04F79EFBC}") = "DungeonLibrary", "DungeonLibrary\DungeonLibrary.csproj", "{00895FD5-520A-4D1E-80FA-9F2910032CEB}"
EndProject
Global
	GlobalSection(SolutionConfigurationPlatforms) = preSolution
		Debug|Any CPU = Debug|Any CPU
		Release|Any CPU = Release|Any CPU
	EndGlobalSection
	GlobalSection(ProjectConfigurationPlatforms) = postSolution
		{E98C3E6F-4DE7-4001-9E7B-5F9614D62505}.Debug|Any CPU.ActiveCfg = Debug|Any CPU
		{E98C3E6F-4DE7-4001-9E7B-5F9614D62505}.Debug|Any CPU.Build.0 = Debug|Any CPU
		{E98C3E6F-4DE7-4001-9E7B-5F9614D62505}.Release|Any CPU.ActiveCfg = Release|Any CPU
		{E98C3E6F-4DE7-4001-9E7B-5F9614D62505}.Release|Any CPU.Build.0 = Release|Any CPU
		{00895FD5-520A-4D1E-80FA-9F2910032CEB}.Debug|Any CPU.ActiveCfg = Debug|Any CPU
		{00895FD5-520A-4D1E-80FA-9F2910032CEB}.Debug|Any CPU.Build.0 = Debug|Any CPU
		{00895FD5-520A-4D1E-80FA-9F2910032CEB}.Release|Any CPU.ActiveCfg = Release|Any CPU
		{00895FD5-520A-4D1E-80FA-9F2910032CEB}.Release|Any CPU.Build.0 = Release|Any CPU
	EndGlobalSection
	GlobalSection(SolutionProperties) = preSolution
		HideSolutionNode = FALSE
	EndGlobalSection
	GlobalSection(ExtensibilityGlobals) = postSolution
		SolutionGuid = {13E42AA2-7958-4208-889D-2AEA9744B12D}
	EndGlobalSection
EndGlobal
